
Microsoft Visual Studio Solution File, Format Version 12.00
# Visual Studio 15
VisualStudioVersion = 15.0.27703.2026
MinimumVisualStudioVersion = 10.0.40219.1
Project("{FAE04EC0-301F-11D3-BF4B-00C04F79EFBC}") = "Task1", "Bushuev_Dmitrii_Task_OOP\Task1.csproj", "{713481E1-3852-4935-90FF-EB3B18813032}"
EndProject
Project("{FAE04EC0-301F-11D3-BF4B-00C04F79EFBC}") = "Task2", "Task2\Task2.csproj", "{44EC1CB7-7B53-4CCA-A5FD-FA7AA3BC6326}"
EndProject
Project("{FAE04EC0-301F-11D3-BF4B-00C04F79EFBC}") = "Task3", "Task3\Task3.csproj", "{7B45C706-10C5-4583-94D0-4D84AEB7242F}"
EndProject
Global
	GlobalSection(SolutionConfigurationPlatforms) = preSolution
		Debug|Any CPU = Debug|Any CPU
		Release|Any CPU = Release|Any CPU
	EndGlobalSection
	GlobalSection(ProjectConfigurationPlatforms) = postSolution
		{713481E1-3852-4935-90FF-EB3B18813032}.Debug|Any CPU.ActiveCfg = Debug|Any CPU
		{713481E1-3852-4935-90FF-EB3B18813032}.Debug|Any CPU.Build.0 = Debug|Any CPU
		{713481E1-3852-4935-90FF-EB3B18813032}.Release|Any CPU.ActiveCfg = Release|Any CPU
		{713481E1-3852-4935-90FF-EB3B18813032}.Release|Any CPU.Build.0 = Release|Any CPU
		{44EC1CB7-7B53-4CCA-A5FD-FA7AA3BC6326}.Debug|Any CPU.ActiveCfg = Debug|Any CPU
		{44EC1CB7-7B53-4CCA-A5FD-FA7AA3BC6326}.Debug|Any CPU.Build.0 = Debug|Any CPU
		{44EC1CB7-7B53-4CCA-A5FD-FA7AA3BC6326}.Release|Any CPU.ActiveCfg = Release|Any CPU
		{44EC1CB7-7B53-4CCA-A5FD-FA7AA3BC6326}.Release|Any CPU.Build.0 = Release|Any CPU
		{7B45C706-10C5-4583-94D0-4D84AEB7242F}.Debug|Any CPU.ActiveCfg = Debug|Any CPU
		{7B45C706-10C5-4583-94D0-4D84AEB7242F}.Debug|Any CPU.Build.0 = Debug|Any CPU
		{7B45C706-10C5-4583-94D0-4D84AEB7242F}.Release|Any CPU.ActiveCfg = Release|Any CPU
		{7B45C706-10C5-4583-94D0-4D84AEB7242F}.Release|Any CPU.Build.0 = Release|Any CPU
	EndGlobalSection
	GlobalSection(SolutionProperties) = preSolution
		HideSolutionNode = FALSE
	EndGlobalSection
	GlobalSection(ExtensibilityGlobals) = postSolution
		SolutionGuid = {7B7B9326-BC78-4CC2-99D5-AC0DBFB30A58}
	EndGlobalSection
EndGlobal
